
Microsoft Visual Studio Solution File, Format Version 12.00
# Visual Studio Version 16
VisualStudioVersion = 16.0.29503.13
MinimumVisualStudioVersion = 10.0.40219.1
Project("{9A19103F-16F7-4668-BE54-9A1E7A4F7556}") = "DL.Admin", "DL.Admin\DL.Admin.csproj", "{612563BD-8AAB-4811-8343-20DE017BDC84}"
EndProject
Project("{9A19103F-16F7-4668-BE54-9A1E7A4F7556}") = "DL.Domain", "DL.Domain\DL.Domain.csproj", "{A0A33611-0371-4E0F-BFA5-D640BCCB9196}"
EndProject
Project("{9A19103F-16F7-4668-BE54-9A1E7A4F7556}") = "DL.Utils", "DL.Utils\DL.Utils.csproj", "{30D88DD4-6F30-4E5D-86FC-95449081EED9}"
EndProject
Project("{9A19103F-16F7-4668-BE54-9A1E7A4F7556}") = "DL.Service", "DL.Service\DL.Service.csproj", "{794F334C-2D55-4CCC-9285-236AF53D1FDB}"
EndProject
Project("{9A19103F-16F7-4668-BE54-9A1E7A4F7556}") = "DL.IService", "DL.IService\DL.IService.csproj", "{FF62A56C-4448-4B78-B3CA-F082CBB741F5}"
EndProject
Global
	GlobalSection(SolutionConfigurationPlatforms) = preSolution
		Debug|Any CPU = Debug|Any CPU
		Release|Any CPU = Release|Any CPU
	EndGlobalSection
	GlobalSection(ProjectConfigurationPlatforms) = postSolution
		{612563BD-8AAB-4811-8343-20DE017BDC84}.Debug|Any CPU.ActiveCfg = Debug|Any CPU
		{612563BD-8AAB-4811-8343-20DE017BDC84}.Debug|Any CPU.Build.0 = Debug|Any CPU
		{612563BD-8AAB-4811-8343-20DE017BDC84}.Release|Any CPU.ActiveCfg = Release|Any CPU
		{612563BD-8AAB-4811-8343-20DE017BDC84}.Release|Any CPU.Build.0 = Release|Any CPU
		{A0A33611-0371-4E0F-BFA5-D640BCCB9196}.Debug|Any CPU.ActiveCfg = Debug|Any CPU
		{A0A33611-0371-4E0F-BFA5-D640BCCB9196}.Debug|Any CPU.Build.0 = Debug|Any CPU
		{A0A33611-0371-4E0F-BFA5-D640BCCB9196}.Release|Any CPU.ActiveCfg = Release|Any CPU
		{A0A33611-0371-4E0F-BFA5-D640BCCB9196}.Release|Any CPU.Build.0 = Release|Any CPU
		{30D88DD4-6F30-4E5D-86FC-95449081EED9}.Debug|Any CPU.ActiveCfg = Debug|Any CPU
		{30D88DD4-6F30-4E5D-86FC-95449081EED9}.Debug|Any CPU.Build.0 = Debug|Any CPU
		{30D88DD4-6F30-4E5D-86FC-95449081EED9}.Release|Any CPU.ActiveCfg = Release|Any CPU
		{30D88DD4-6F30-4E5D-86FC-95449081EED9}.Release|Any CPU.Build.0 = Release|Any CPU
		{794F334C-2D55-4CCC-9285-236AF53D1FDB}.Debug|Any CPU.ActiveCfg = Debug|Any CPU
		{794F334C-2D55-4CCC-9285-236AF53D1FDB}.Debug|Any CPU.Build.0 = Debug|Any CPU
		{794F334C-2D55-4CCC-9285-236AF53D1FDB}.Release|Any CPU.ActiveCfg = Release|Any CPU
		{794F334C-2D55-4CCC-9285-236AF53D1FDB}.Release|Any CPU.Build.0 = Release|Any CPU
		{FF62A56C-4448-4B78-B3CA-F082CBB741F5}.Debug|Any CPU.ActiveCfg = Debug|Any CPU
		{FF62A56C-4448-4B78-B3CA-F082CBB741F5}.Debug|Any CPU.Build.0 = Debug|Any CPU
		{FF62A56C-4448-4B78-B3CA-F082CBB741F5}.Release|Any CPU.ActiveCfg = Release|Any CPU
		{FF62A56C-4448-4B78-B3CA-F082CBB741F5}.Release|Any CPU.Build.0 = Release|Any CPU
	EndGlobalSection
	GlobalSection(SolutionProperties) = preSolution
		HideSolutionNode = FALSE
	EndGlobalSection
	GlobalSection(ExtensibilityGlobals) = postSolution
		SolutionGuid = {A1B11F00-C810-4E43-B8F0-FE97EE4A780B}
	EndGlobalSection
EndGlobal
